
Microsoft Visual Studio Solution File, Format Version 12.00
# Visual Studio Version 17
VisualStudioVersion = 17.7.34009.444
MinimumVisualStudioVersion = 10.0.40219.1
Project("{F2A71F9B-5D33-465A-A702-920D77279786}") = "DataGenerators", "DataGenerators\DataGenerators.fsproj", "{13FABB38-F416-4A1F-AF4F-618C84440E77}"
EndProject
Project("{FAE04EC0-301F-11D3-BF4B-00C04F79EFBC}") = "Tests", "Tests\Tests.csproj", "{C69C759C-12F7-43F0-82D5-FFFD19CF3A99}"
EndProject
Project("{FAE04EC0-301F-11D3-BF4B-00C04F79EFBC}") = "Algorithms", "Algorithms\Algorithms.csproj", "{F8C35AAC-9392-4D7C-8741-08076E86CE8B}"
EndProject
Global
	GlobalSection(SolutionConfigurationPlatforms) = preSolution
		Debug|Any CPU = Debug|Any CPU
		Release|Any CPU = Release|Any CPU
	EndGlobalSection
	GlobalSection(ProjectConfigurationPlatforms) = postSolution
		{13FABB38-F416-4A1F-AF4F-618C84440E77}.Debug|Any CPU.ActiveCfg = Debug|Any CPU
		{13FABB38-F416-4A1F-AF4F-618C84440E77}.Debug|Any CPU.Build.0 = Debug|Any CPU
		{13FABB38-F416-4A1F-AF4F-618C84440E77}.Release|Any CPU.ActiveCfg = Release|Any CPU
		{13FABB38-F416-4A1F-AF4F-618C84440E77}.Release|Any CPU.Build.0 = Release|Any CPU
		{C69C759C-12F7-43F0-82D5-FFFD19CF3A99}.Debug|Any CPU.ActiveCfg = Debug|Any CPU
		{C69C759C-12F7-43F0-82D5-FFFD19CF3A99}.Debug|Any CPU.Build.0 = Debug|Any CPU
		{C69C759C-12F7-43F0-82D5-FFFD19CF3A99}.Release|Any CPU.ActiveCfg = Release|Any CPU
		{C69C759C-12F7-43F0-82D5-FFFD19CF3A99}.Release|Any CPU.Build.0 = Release|Any CPU
		{F8C35AAC-9392-4D7C-8741-08076E86CE8B}.Debug|Any CPU.ActiveCfg = Debug|Any CPU
		{F8C35AAC-9392-4D7C-8741-08076E86CE8B}.Debug|Any CPU.Build.0 = Debug|Any CPU
		{F8C35AAC-9392-4D7C-8741-08076E86CE8B}.Release|Any CPU.ActiveCfg = Release|Any CPU
		{F8C35AAC-9392-4D7C-8741-08076E86CE8B}.Release|Any CPU.Build.0 = Release|Any CPU
	EndGlobalSection
	GlobalSection(SolutionProperties) = preSolution
		HideSolutionNode = FALSE
	EndGlobalSection
	GlobalSection(ExtensibilityGlobals) = postSolution
		SolutionGuid = {80746D8C-F813-4611-9A0A-71AAA4BC5F39}
	EndGlobalSection
EndGlobal
